
Microsoft Visual Studio Solution File, Format Version 12.00
# Visual Studio Version 17
VisualStudioVersion = 17.6.33723.286
MinimumVisualStudioVersion = 10.0.40219.1
Project("{8BC9CEB8-8B4A-11D0-8D11-00A0C91BC942}") = "HW_1_08.09.23", "HW_1\HW_1.vcxproj", "{49E30506-96DC-464F-857A-BD54547C4C2C}"
EndProject
Project("{8BC9CEB8-8B4A-11D0-8D11-00A0C91BC942}") = "HW_2_11.09.23", "HW_2\HW_2.vcxproj", "{C5432CFB-0FB4-4B77-803A-04D9C6904A83}"
EndProject
Project("{8BC9CEB8-8B4A-11D0-8D11-00A0C91BC942}") = "HW_2_11.09.23(2)", "HW_2_11.09.23(2)\HW_2_11.09.23(2).vcxproj", "{641F14F2-3A36-494D-A139-9A98E62A64D6}"
EndProject
Project("{8BC9CEB8-8B4A-11D0-8D11-00A0C91BC942}") = "HW_13.09.23", "HW_13.09.23\HW_13.09.23.vcxproj", "{BA2691A2-29A8-410C-837F-EB2C40CE57F0}"
EndProject
Project("{8BC9CEB8-8B4A-11D0-8D11-00A0C91BC942}") = "Function_1", "Function_1\Function_1.vcxproj", "{77C15D09-1DB5-4FEF-925E-85453175B5EE}"
EndProject
Project("{8BC9CEB8-8B4A-11D0-8D11-00A0C91BC942}") = "Function2(15.09.23)", "Function2\Function2.vcxproj", "{2A30062D-0040-4C1C-A2E4-CD07BA3C21C6}"
EndProject
Project("{8BC9CEB8-8B4A-11D0-8D11-00A0C91BC942}") = "Function2(15.09.23)_2", "Function2(15.09.23)_2\Function2(15.09.23)_2.vcxproj", "{21724F68-B6A9-4646-8453-9B81A8FFC00D}"
EndProject
Project("{8BC9CEB8-8B4A-11D0-8D11-00A0C91BC942}") = "Sort(HW_18.09.23)", "Sort(HW_18.09.23)\Sort(HW_18.09.23).vcxproj", "{A929B620-D9B0-4C77-9646-13CB02BF6484}"
EndProject
Project("{8BC9CEB8-8B4A-11D0-8D11-00A0C91BC942}") = "20.09.23_Recusrsion_HW", "20.09.23_Recusrsion_HW\20.09.23_Recusrsion_HW.vcxproj", "{257FE130-5FA7-49EB-A2BA-DD274A79B063}"
EndProject
Project("{8BC9CEB8-8B4A-11D0-8D11-00A0C91BC942}") = "PTR_22.09.23", "PTR_22.09.23\PTR_22.09.23.vcxproj", "{FEBB062C-4F95-4107-810B-FC42659D1E4B}"
EndProject
Project("{8BC9CEB8-8B4A-11D0-8D11-00A0C91BC942}") = "Drawing", "Drawing\Drawing.vcxproj", "{A768F572-797C-49DD-9436-525495488E24}"
EndProject
Project("{8BC9CEB8-8B4A-11D0-8D11-00A0C91BC942}") = "Pointers", "Pointers\Pointers.vcxproj", "{56F4FB2F-CC3D-4287-A01B-569351948959}"
EndProject
Project("{8BC9CEB8-8B4A-11D0-8D11-00A0C91BC942}") = "Dynamic_2darray", "Dynamic_2darray\Dynamic_2darray.vcxproj", "{8BC29DF9-D3B7-4BCA-977F-0A71A6128461}"
EndProject
Project("{8BC9CEB8-8B4A-11D0-8D11-00A0C91BC942}") = "Dynamic_memory(1)", "Dynamic_memory(1)\Dynamic_memory(1).vcxproj", "{85820890-82AB-424E-9A82-4FB4158FC99E}"
EndProject
Project("{8BC9CEB8-8B4A-11D0-8D11-00A0C91BC942}") = "Lines", "Lines\Lines.vcxproj", "{EA49C896-160E-47A2-9B54-9C98C5B682FF}"
EndProject
Project("{8BC9CEB8-8B4A-11D0-8D11-00A0C91BC942}") = "Structure", "Structure\Structure.vcxproj", "{22C037BF-FA6B-4C4A-BFCF-305BC8B719C7}"
EndProject
Project("{8BC9CEB8-8B4A-11D0-8D11-00A0C91BC942}") = "04.10Write_read_file", "Write_read_file\Write_read_file.vcxproj", "{BA2CCC9D-4DF6-4D63-BCD8-2FFDBD89B5F6}"
EndProject
Project("{8BC9CEB8-8B4A-11D0-8D11-00A0C91BC942}") = "OOP_intro", "OOP_intro\OOP_intro.vcxproj", "{795A25EE-FBB6-4FF8-A786-619E55309CE7}"
EndProject
Project("{8BC9CEB8-8B4A-11D0-8D11-00A0C91BC942}") = "30.10class_array", "30.10class_array\30.10class_array.vcxproj", "{6A833950-C56C-4DA3-BC17-D7FD708BE633}"
EndProject
Project("{8BC9CEB8-8B4A-11D0-8D11-00A0C91BC942}") = "30.10class_airplane", "30.10class_airplane\30.10class_airplane.vcxproj", "{3AD121B4-4304-4EC4-AE50-748338282340}"
EndProject
Project("{8BC9CEB8-8B4A-11D0-8D11-00A0C91BC942}") = "02.11_Type_overloading", "02.11_Type_overloading\02.11_Type_overloading.vcxproj", "{82CE164C-042F-4B4F-AF3B-92AECDAA076C}"
EndProject
Project("{8BC9CEB8-8B4A-11D0-8D11-00A0C91BC942}") = "Move_constructor", "Move_constructor\Move_constructor.vcxproj", "{EF67C516-15F9-4B3C-8326-89E4B0828926}"
EndProject
Project("{8BC9CEB8-8B4A-11D0-8D11-00A0C91BC942}") = "Inheritance", "Inheritance\Inheritance.vcxproj", "{85F88518-2AE9-4DCA-9DE4-6A2C1046D3DA}"
EndProject
Project("{8BC9CEB8-8B4A-11D0-8D11-00A0C91BC942}") = "Template_class", "Templete_class\Templete_class.vcxproj", "{23EE9687-D921-4953-9CED-71B4F6CD6140}"
EndProject
Project("{8BC9CEB8-8B4A-11D0-8D11-00A0C91BC942}") = "Single_Linked_List", "Single_Linked_List\Single_Linked_List.vcxproj", "{45E2576D-2465-411E-8FC6-1AAA12BEE842}"
EndProject
Project("{8BC9CEB8-8B4A-11D0-8D11-00A0C91BC942}") = "Double_Linked_List", "Double_Linked_List\Double_Linked_List.vcxproj", "{1E4CAAE6-D0D3-425E-8522-D34FA050D3FC}"
EndProject
Project("{8BC9CEB8-8B4A-11D0-8D11-00A0C91BC942}") = "Abstract_class", "Abstract_class\Abstract_class.vcxproj", "{494618CB-BC60-49E8-9970-2F582E3B3F88}"
EndProject
Project("{8BC9CEB8-8B4A-11D0-8D11-00A0C91BC942}") = "Virtual_destructor", "Virtual_destructor\Virtual_destructor.vcxproj", "{5BA25196-AB4B-4C98-879E-3F5C33908042}"
EndProject
Project("{8BC9CEB8-8B4A-11D0-8D11-00A0C91BC942}") = "Aggregation_Composition", "Aggregation_Composition\Aggregation_Composition.vcxproj", "{1629CA4B-1CEF-4FC7-B2A7-5FF9C8F51E64}"
EndProject
Project("{8BC9CEB8-8B4A-11D0-8D11-00A0C91BC942}") = "STL_vector", "STL_vector\STL_vector.vcxproj", "{1015C470-2432-4657-89BA-C78CBADCE7F8}"
EndProject
Project("{8BC9CEB8-8B4A-11D0-8D11-00A0C91BC942}") = "STL_list", "STL_list\STL_list.vcxproj", "{A4D00ACD-BE6C-4B34-870C-F0EDB91DFB36}"
EndProject
Global
	GlobalSection(SolutionConfigurationPlatforms) = preSolution
		Debug|x64 = Debug|x64
		Debug|x86 = Debug|x86
		Release|x64 = Release|x64
		Release|x86 = Release|x86
	EndGlobalSection
	GlobalSection(ProjectConfigurationPlatforms) = postSolution
		{49E30506-96DC-464F-857A-BD54547C4C2C}.Debug|x64.ActiveCfg = Debug|x64
		{49E30506-96DC-464F-857A-BD54547C4C2C}.Debug|x64.Build.0 = Debug|x64
		{49E30506-96DC-464F-857A-BD54547C4C2C}.Debug|x86.ActiveCfg = Debug|Win32
		{49E30506-96DC-464F-857A-BD54547C4C2C}.Debug|x86.Build.0 = Debug|Win32
		{49E30506-96DC-464F-857A-BD54547C4C2C}.Release|x64.ActiveCfg = Release|x64
		{49E30506-96DC-464F-857A-BD54547C4C2C}.Release|x64.Build.0 = Release|x64
		{49E30506-96DC-464F-857A-BD54547C4C2C}.Release|x86.ActiveCfg = Release|Win32
		{49E30506-96DC-464F-857A-BD54547C4C2C}.Release|x86.Build.0 = Release|Win32
		{C5432CFB-0FB4-4B77-803A-04D9C6904A83}.Debug|x64.ActiveCfg = Debug|x64
		{C5432CFB-0FB4-4B77-803A-04D9C6904A83}.Debug|x64.Build.0 = Debug|x64
		{C5432CFB-0FB4-4B77-803A-04D9C6904A83}.Debug|x86.ActiveCfg = Debug|Win32
		{C5432CFB-0FB4-4B77-803A-04D9C6904A83}.Debug|x86.Build.0 = Debug|Win32
		{C5432CFB-0FB4-4B77-803A-04D9C6904A83}.Release|x64.ActiveCfg = Release|x64
		{C5432CFB-0FB4-4B77-803A-04D9C6904A83}.Release|x64.Build.0 = Release|x64
		{C5432CFB-0FB4-4B77-803A-04D9C6904A83}.Release|x86.ActiveCfg = Release|Win32
		{C5432CFB-0FB4-4B77-803A-04D9C6904A83}.Release|x86.Build.0 = Release|Win32
		{641F14F2-3A36-494D-A139-9A98E62A64D6}.Debug|x64.ActiveCfg = Debug|x64
		{641F14F2-3A36-494D-A139-9A98E62A64D6}.Debug|x64.Build.0 = Debug|x64
		{641F14F2-3A36-494D-A139-9A98E62A64D6}.Debug|x86.ActiveCfg = Debug|Win32
		{641F14F2-3A36-494D-A139-9A98E62A64D6}.Debug|x86.Build.0 = Debug|Win32
		{641F14F2-3A36-494D-A139-9A98E62A64D6}.Release|x64.ActiveCfg = Release|x64
		{641F14F2-3A36-494D-A139-9A98E62A64D6}.Release|x64.Build.0 = Release|x64
		{641F14F2-3A36-494D-A139-9A98E62A64D6}.Release|x86.ActiveCfg = Release|Win32
		{641F14F2-3A36-494D-A139-9A98E62A64D6}.Release|x86.Build.0 = Release|Win32
		{BA2691A2-29A8-410C-837F-EB2C40CE57F0}.Debug|x64.ActiveCfg = Debug|x64
		{BA2691A2-29A8-410C-837F-EB2C40CE57F0}.Debug|x64.Build.0 = Debug|x64
		{BA2691A2-29A8-410C-837F-EB2C40CE57F0}.Debug|x86.ActiveCfg = Debug|Win32
		{BA2691A2-29A8-410C-837F-EB2C40CE57F0}.Debug|x86.Build.0 = Debug|Win32
		{BA2691A2-29A8-410C-837F-EB2C40CE57F0}.Release|x64.ActiveCfg = Release|x64
		{BA2691A2-29A8-410C-837F-EB2C40CE57F0}.Release|x64.Build.0 = Release|x64
		{BA2691A2-29A8-410C-837F-EB2C40CE57F0}.Release|x86.ActiveCfg = Release|Win32
		{BA2691A2-29A8-410C-837F-EB2C40CE57F0}.Release|x86.Build.0 = Release|Win32
		{77C15D09-1DB5-4FEF-925E-85453175B5EE}.Debug|x64.ActiveCfg = Debug|x64
		{77C15D09-1DB5-4FEF-925E-85453175B5EE}.Debug|x64.Build.0 = Debug|x64
		{77C15D09-1DB5-4FEF-925E-85453175B5EE}.Debug|x86.ActiveCfg = Debug|Win32
		{77C15D09-1DB5-4FEF-925E-85453175B5EE}.Debug|x86.Build.0 = Debug|Win32
		{77C15D09-1DB5-4FEF-925E-85453175B5EE}.Release|x64.ActiveCfg = Release|x64
		{77C15D09-1DB5-4FEF-925E-85453175B5EE}.Release|x64.Build.0 = Release|x64
		{77C15D09-1DB5-4FEF-925E-85453175B5EE}.Release|x86.ActiveCfg = Release|Win32
		{77C15D09-1DB5-4FEF-925E-85453175B5EE}.Release|x86.Build.0 = Release|Win32
		{2A30062D-0040-4C1C-A2E4-CD07BA3C21C6}.Debug|x64.ActiveCfg = Debug|x64
		{2A30062D-0040-4C1C-A2E4-CD07BA3C21C6}.Debug|x64.Build.0 = Debug|x64
		{2A30062D-0040-4C1C-A2E4-CD07BA3C21C6}.Debug|x86.ActiveCfg = Debug|Win32
		{2A30062D-0040-4C1C-A2E4-CD07BA3C21C6}.Debug|x86.Build.0 = Debug|Win32
		{2A30062D-0040-4C1C-A2E4-CD07BA3C21C6}.Release|x64.ActiveCfg = Release|x64
		{2A30062D-0040-4C1C-A2E4-CD07BA3C21C6}.Release|x64.Build.0 = Release|x64
		{2A30062D-0040-4C1C-A2E4-CD07BA3C21C6}.Release|x86.ActiveCfg = Release|Win32
		{2A30062D-0040-4C1C-A2E4-CD07BA3C21C6}.Release|x86.Build.0 = Release|Win32
		{21724F68-B6A9-4646-8453-9B81A8FFC00D}.Debug|x64.ActiveCfg = Debug|x64
		{21724F68-B6A9-4646-8453-9B81A8FFC00D}.Debug|x64.Build.0 = Debug|x64
		{21724F68-B6A9-4646-8453-9B81A8FFC00D}.Debug|x86.ActiveCfg = Debug|Win32
		{21724F68-B6A9-4646-8453-9B81A8FFC00D}.Debug|x86.Build.0 = Debug|Win32
		{21724F68-B6A9-4646-8453-9B81A8FFC00D}.Release|x64.ActiveCfg = Release|x64
		{21724F68-B6A9-4646-8453-9B81A8FFC00D}.Release|x64.Build.0 = Release|x64
		{21724F68-B6A9-4646-8453-9B81A8FFC00D}.Release|x86.ActiveCfg = Release|Win32
		{21724F68-B6A9-4646-8453-9B81A8FFC00D}.Release|x86.Build.0 = Release|Win32
		{A929B620-D9B0-4C77-9646-13CB02BF6484}.Debug|x64.ActiveCfg = Debug|x64
		{A929B620-D9B0-4C77-9646-13CB02BF6484}.Debug|x64.Build.0 = Debug|x64
		{A929B620-D9B0-4C77-9646-13CB02BF6484}.Debug|x86.ActiveCfg = Debug|Win32
		{A929B620-D9B0-4C77-9646-13CB02BF6484}.Debug|x86.Build.0 = Debug|Win32
		{A929B620-D9B0-4C77-9646-13CB02BF6484}.Release|x64.ActiveCfg = Release|x64
		{A929B620-D9B0-4C77-9646-13CB02BF6484}.Release|x64.Build.0 = Release|x64
		{A929B620-D9B0-4C77-9646-13CB02BF6484}.Release|x86.ActiveCfg = Release|Win32
		{A929B620-D9B0-4C77-9646-13CB02BF6484}.Release|x86.Build.0 = Release|Win32
		{257FE130-5FA7-49EB-A2BA-DD274A79B063}.Debug|x64.ActiveCfg = Debug|x64
		{257FE130-5FA7-49EB-A2BA-DD274A79B063}.Debug|x64.Build.0 = Debug|x64
		{257FE130-5FA7-49EB-A2BA-DD274A79B063}.Debug|x86.ActiveCfg = Debug|Win32
		{257FE130-5FA7-49EB-A2BA-DD274A79B063}.Debug|x86.Build.0 = Debug|Win32
		{257FE130-5FA7-49EB-A2BA-DD274A79B063}.Release|x64.ActiveCfg = Release|x64
		{257FE130-5FA7-49EB-A2BA-DD274A79B063}.Release|x64.Build.0 = Release|x64
		{257FE130-5FA7-49EB-A2BA-DD274A79B063}.Release|x86.ActiveCfg = Release|Win32
		{257FE130-5FA7-49EB-A2BA-DD274A79B063}.Release|x86.Build.0 = Release|Win32
		{FEBB062C-4F95-4107-810B-FC42659D1E4B}.Debug|x64.ActiveCfg = Debug|x64
		{FEBB062C-4F95-4107-810B-FC42659D1E4B}.Debug|x64.Build.0 = Debug|x64
		{FEBB062C-4F95-4107-810B-FC42659D1E4B}.Debug|x86.ActiveCfg = Debug|Win32
		{FEBB062C-4F95-4107-810B-FC42659D1E4B}.Debug|x86.Build.0 = Debug|Win32
		{FEBB062C-4F95-4107-810B-FC42659D1E4B}.Release|x64.ActiveCfg = Release|x64
		{FEBB062C-4F95-4107-810B-FC42659D1E4B}.Release|x64.Build.0 = Release|x64
		{FEBB062C-4F95-4107-810B-FC42659D1E4B}.Release|x86.ActiveCfg = Release|Win32
		{FEBB062C-4F95-4107-810B-FC42659D1E4B}.Release|x86.Build.0 = Release|Win32
		{A768F572-797C-49DD-9436-525495488E24}.Debug|x64.ActiveCfg = Debug|x64
		{A768F572-797C-49DD-9436-525495488E24}.Debug|x64.Build.0 = Debug|x64
		{A768F572-797C-49DD-9436-525495488E24}.Debug|x86.ActiveCfg = Debug|Win32
		{A768F572-797C-49DD-9436-525495488E24}.Debug|x86.Build.0 = Debug|Win32
		{A768F572-797C-49DD-9436-525495488E24}.Release|x64.ActiveCfg = Release|x64
		{A768F572-797C-49DD-9436-525495488E24}.Release|x64.Build.0 = Release|x64
		{A768F572-797C-49DD-9436-525495488E24}.Release|x86.ActiveCfg = Release|Win32
		{A768F572-797C-49DD-9436-525495488E24}.Release|x86.Build.0 = Release|Win32
		{56F4FB2F-CC3D-4287-A01B-569351948959}.Debug|x64.ActiveCfg = Debug|x64
		{56F4FB2F-CC3D-4287-A01B-569351948959}.Debug|x64.Build.0 = Debug|x64
		{56F4FB2F-CC3D-4287-A01B-569351948959}.Debug|x86.ActiveCfg = Debug|Win32
		{56F4FB2F-CC3D-4287-A01B-569351948959}.Debug|x86.Build.0 = Debug|Win32
		{56F4FB2F-CC3D-4287-A01B-569351948959}.Release|x64.ActiveCfg = Release|x64
		{56F4FB2F-CC3D-4287-A01B-569351948959}.Release|x64.Build.0 = Release|x64
		{56F4FB2F-CC3D-4287-A01B-569351948959}.Release|x86.ActiveCfg = Release|Win32
		{56F4FB2F-CC3D-4287-A01B-569351948959}.Release|x86.Build.0 = Release|Win32
		{8BC29DF9-D3B7-4BCA-977F-0A71A6128461}.Debug|x64.ActiveCfg = Debug|x64
		{8BC29DF9-D3B7-4BCA-977F-0A71A6128461}.Debug|x64.Build.0 = Debug|x64
		{8BC29DF9-D3B7-4BCA-977F-0A71A6128461}.Debug|x86.ActiveCfg = Debug|Win32
		{8BC29DF9-D3B7-4BCA-977F-0A71A6128461}.Debug|x86.Build.0 = Debug|Win32
		{8BC29DF9-D3B7-4BCA-977F-0A71A6128461}.Release|x64.ActiveCfg = Release|x64
		{8BC29DF9-D3B7-4BCA-977F-0A71A6128461}.Release|x64.Build.0 = Release|x64
		{8BC29DF9-D3B7-4BCA-977F-0A71A6128461}.Release|x86.ActiveCfg = Release|Win32
		{8BC29DF9-D3B7-4BCA-977F-0A71A6128461}.Release|x86.Build.0 = Release|Win32
		{85820890-82AB-424E-9A82-4FB4158FC99E}.Debug|x64.ActiveCfg = Debug|x64
		{85820890-82AB-424E-9A82-4FB4158FC99E}.Debug|x64.Build.0 = Debug|x64
		{85820890-82AB-424E-9A82-4FB4158FC99E}.Debug|x86.ActiveCfg = Debug|Win32
		{85820890-82AB-424E-9A82-4FB4158FC99E}.Debug|x86.Build.0 = Debug|Win32
		{85820890-82AB-424E-9A82-4FB4158FC99E}.Release|x64.ActiveCfg = Release|x64
		{85820890-82AB-424E-9A82-4FB4158FC99E}.Release|x64.Build.0 = Release|x64
		{85820890-82AB-424E-9A82-4FB4158FC99E}.Release|x86.ActiveCfg = Release|Win32
		{85820890-82AB-424E-9A82-4FB4158FC99E}.Release|x86.Build.0 = Release|Win32
		{EA49C896-160E-47A2-9B54-9C98C5B682FF}.Debug|x64.ActiveCfg = Debug|x64
		{EA49C896-160E-47A2-9B54-9C98C5B682FF}.Debug|x64.Build.0 = Debug|x64
		{EA49C896-160E-47A2-9B54-9C98C5B682FF}.Debug|x86.ActiveCfg = Debug|Win32
		{EA49C896-160E-47A2-9B54-9C98C5B682FF}.Debug|x86.Build.0 = Debug|Win32
		{EA49C896-160E-47A2-9B54-9C98C5B682FF}.Release|x64.ActiveCfg = Release|x64
		{EA49C896-160E-47A2-9B54-9C98C5B682FF}.Release|x64.Build.0 = Release|x64
		{EA49C896-160E-47A2-9B54-9C98C5B682FF}.Release|x86.ActiveCfg = Release|Win32
		{EA49C896-160E-47A2-9B54-9C98C5B682FF}.Release|x86.Build.0 = Release|Win32
		{22C037BF-FA6B-4C4A-BFCF-305BC8B719C7}.Debug|x64.ActiveCfg = Debug|x64
		{22C037BF-FA6B-4C4A-BFCF-305BC8B719C7}.Debug|x64.Build.0 = Debug|x64
		{22C037BF-FA6B-4C4A-BFCF-305BC8B719C7}.Debug|x86.ActiveCfg = Debug|Win32
		{22C037BF-FA6B-4C4A-BFCF-305BC8B719C7}.Debug|x86.Build.0 = Debug|Win32
		{22C037BF-FA6B-4C4A-BFCF-305BC8B719C7}.Release|x64.ActiveCfg = Release|x64
		{22C037BF-FA6B-4C4A-BFCF-305BC8B719C7}.Release|x64.Build.0 = Release|x64
		{22C037BF-FA6B-4C4A-BFCF-305BC8B719C7}.Release|x86.ActiveCfg = Release|Win32
		{22C037BF-FA6B-4C4A-BFCF-305BC8B719C7}.Release|x86.Build.0 = Release|Win32
		{BA2CCC9D-4DF6-4D63-BCD8-2FFDBD89B5F6}.Debug|x64.ActiveCfg = Debug|x64
		{BA2CCC9D-4DF6-4D63-BCD8-2FFDBD89B5F6}.Debug|x64.Build.0 = Debug|x64
		{BA2CCC9D-4DF6-4D63-BCD8-2FFDBD89B5F6}.Debug|x86.ActiveCfg = Debug|Win32
		{BA2CCC9D-4DF6-4D63-BCD8-2FFDBD89B5F6}.Debug|x86.Build.0 = Debug|Win32
		{BA2CCC9D-4DF6-4D63-BCD8-2FFDBD89B5F6}.Release|x64.ActiveCfg = Release|x64
		{BA2CCC9D-4DF6-4D63-BCD8-2FFDBD89B5F6}.Release|x64.Build.0 = Release|x64
		{BA2CCC9D-4DF6-4D63-BCD8-2FFDBD89B5F6}.Release|x86.ActiveCfg = Release|Win32
		{BA2CCC9D-4DF6-4D63-BCD8-2FFDBD89B5F6}.Release|x86.Build.0 = Release|Win32
		{795A25EE-FBB6-4FF8-A786-619E55309CE7}.Debug|x64.ActiveCfg = Debug|x64
		{795A25EE-FBB6-4FF8-A786-619E55309CE7}.Debug|x64.Build.0 = Debug|x64
		{795A25EE-FBB6-4FF8-A786-619E55309CE7}.Debug|x86.ActiveCfg = Debug|Win32
		{795A25EE-FBB6-4FF8-A786-619E55309CE7}.Debug|x86.Build.0 = Debug|Win32
		{795A25EE-FBB6-4FF8-A786-619E55309CE7}.Release|x64.ActiveCfg = Release|x64
		{795A25EE-FBB6-4FF8-A786-619E55309CE7}.Release|x64.Build.0 = Release|x64
		{795A25EE-FBB6-4FF8-A786-619E55309CE7}.Release|x86.ActiveCfg = Release|Win32
		{795A25EE-FBB6-4FF8-A786-619E55309CE7}.Release|x86.Build.0 = Release|Win32
		{6A833950-C56C-4DA3-BC17-D7FD708BE633}.Debug|x64.ActiveCfg = Debug|x64
		{6A833950-C56C-4DA3-BC17-D7FD708BE633}.Debug|x64.Build.0 = Debug|x64
		{6A833950-C56C-4DA3-BC17-D7FD708BE633}.Debug|x86.ActiveCfg = Debug|Win32
		{6A833950-C56C-4DA3-BC17-D7FD708BE633}.Debug|x86.Build.0 = Debug|Win32
		{6A833950-C56C-4DA3-BC17-D7FD708BE633}.Release|x64.ActiveCfg = Release|x64
		{6A833950-C56C-4DA3-BC17-D7FD708BE633}.Release|x64.Build.0 = Release|x64
		{6A833950-C56C-4DA3-BC17-D7FD708BE633}.Release|x86.ActiveCfg = Release|Win32
		{6A833950-C56C-4DA3-BC17-D7FD708BE633}.Release|x86.Build.0 = Release|Win32
		{3AD121B4-4304-4EC4-AE50-748338282340}.Debug|x64.ActiveCfg = Debug|x64
		{3AD121B4-4304-4EC4-AE50-748338282340}.Debug|x64.Build.0 = Debug|x64
		{3AD121B4-4304-4EC4-AE50-748338282340}.Debug|x86.ActiveCfg = Debug|Win32
		{3AD121B4-4304-4EC4-AE50-748338282340}.Debug|x86.Build.0 = Debug|Win32
		{3AD121B4-4304-4EC4-AE50-748338282340}.Release|x64.ActiveCfg = Release|x64
		{3AD121B4-4304-4EC4-AE50-748338282340}.Release|x64.Build.0 = Release|x64
		{3AD121B4-4304-4EC4-AE50-748338282340}.Release|x86.ActiveCfg = Release|Win32
		{3AD121B4-4304-4EC4-AE50-748338282340}.Release|x86.Build.0 = Release|Win32
		{82CE164C-042F-4B4F-AF3B-92AECDAA076C}.Debug|x64.ActiveCfg = Debug|x64
		{82CE164C-042F-4B4F-AF3B-92AECDAA076C}.Debug|x64.Build.0 = Debug|x64
		{82CE164C-042F-4B4F-AF3B-92AECDAA076C}.Debug|x86.ActiveCfg = Debug|Win32
		{82CE164C-042F-4B4F-AF3B-92AECDAA076C}.Debug|x86.Build.0 = Debug|Win32
		{82CE164C-042F-4B4F-AF3B-92AECDAA076C}.Release|x64.ActiveCfg = Release|x64
		{82CE164C-042F-4B4F-AF3B-92AECDAA076C}.Release|x64.Build.0 = Release|x64
		{82CE164C-042F-4B4F-AF3B-92AECDAA076C}.Release|x86.ActiveCfg = Release|Win32
		{82CE164C-042F-4B4F-AF3B-92AECDAA076C}.Release|x86.Build.0 = Release|Win32
		{EF67C516-15F9-4B3C-8326-89E4B0828926}.Debug|x64.ActiveCfg = Debug|x64
		{EF67C516-15F9-4B3C-8326-89E4B0828926}.Debug|x64.Build.0 = Debug|x64
		{EF67C516-15F9-4B3C-8326-89E4B0828926}.Debug|x86.ActiveCfg = Debug|Win32
		{EF67C516-15F9-4B3C-8326-89E4B0828926}.Debug|x86.Build.0 = Debug|Win32
		{EF67C516-15F9-4B3C-8326-89E4B0828926}.Release|x64.ActiveCfg = Release|x64
		{EF67C516-15F9-4B3C-8326-89E4B0828926}.Release|x64.Build.0 = Release|x64
		{EF67C516-15F9-4B3C-8326-89E4B0828926}.Release|x86.ActiveCfg = Release|Win32
		{EF67C516-15F9-4B3C-8326-89E4B0828926}.Release|x86.Build.0 = Release|Win32
		{85F88518-2AE9-4DCA-9DE4-6A2C1046D3DA}.Debug|x64.ActiveCfg = Debug|x64
		{85F88518-2AE9-4DCA-9DE4-6A2C1046D3DA}.Debug|x64.Build.0 = Debug|x64
		{85F88518-2AE9-4DCA-9DE4-6A2C1046D3DA}.Debug|x86.ActiveCfg = Debug|Win32
		{85F88518-2AE9-4DCA-9DE4-6A2C1046D3DA}.Debug|x86.Build.0 = Debug|Win32
		{85F88518-2AE9-4DCA-9DE4-6A2C1046D3DA}.Release|x64.ActiveCfg = Release|x64
		{85F88518-2AE9-4DCA-9DE4-6A2C1046D3DA}.Release|x64.Build.0 = Release|x64
		{85F88518-2AE9-4DCA-9DE4-6A2C1046D3DA}.Release|x86.ActiveCfg = Release|Win32
		{85F88518-2AE9-4DCA-9DE4-6A2C1046D3DA}.Release|x86.Build.0 = Release|Win32
		{23EE9687-D921-4953-9CED-71B4F6CD6140}.Debug|x64.ActiveCfg = Debug|x64
		{23EE9687-D921-4953-9CED-71B4F6CD6140}.Debug|x64.Build.0 = Debug|x64
		{23EE9687-D921-4953-9CED-71B4F6CD6140}.Debug|x86.ActiveCfg = Debug|Win32
		{23EE9687-D921-4953-9CED-71B4F6CD6140}.Debug|x86.Build.0 = Debug|Win32
		{23EE9687-D921-4953-9CED-71B4F6CD6140}.Release|x64.ActiveCfg = Release|x64
		{23EE9687-D921-4953-9CED-71B4F6CD6140}.Release|x64.Build.0 = Release|x64
		{23EE9687-D921-4953-9CED-71B4F6CD6140}.Release|x86.ActiveCfg = Release|Win32
		{23EE9687-D921-4953-9CED-71B4F6CD6140}.Release|x86.Build.0 = Release|Win32
		{45E2576D-2465-411E-8FC6-1AAA12BEE842}.Debug|x64.ActiveCfg = Debug|x64
		{45E2576D-2465-411E-8FC6-1AAA12BEE842}.Debug|x64.Build.0 = Debug|x64
		{45E2576D-2465-411E-8FC6-1AAA12BEE842}.Debug|x86.ActiveCfg = Debug|Win32
		{45E2576D-2465-411E-8FC6-1AAA12BEE842}.Debug|x86.Build.0 = Debug|Win32
		{45E2576D-2465-411E-8FC6-1AAA12BEE842}.Release|x64.ActiveCfg = Release|x64
		{45E2576D-2465-411E-8FC6-1AAA12BEE842}.Release|x64.Build.0 = Release|x64
		{45E2576D-2465-411E-8FC6-1AAA12BEE842}.Release|x86.ActiveCfg = Release|Win32
		{45E2576D-2465-411E-8FC6-1AAA12BEE842}.Release|x86.Build.0 = Release|Win32
		{1E4CAAE6-D0D3-425E-8522-D34FA050D3FC}.Debug|x64.ActiveCfg = Debug|x64
		{1E4CAAE6-D0D3-425E-8522-D34FA050D3FC}.Debug|x64.Build.0 = Debug|x64
		{1E4CAAE6-D0D3-425E-8522-D34FA050D3FC}.Debug|x86.ActiveCfg = Debug|Win32
		{1E4CAAE6-D0D3-425E-8522-D34FA050D3FC}.Debug|x86.Build.0 = Debug|Win32
		{1E4CAAE6-D0D3-425E-8522-D34FA050D3FC}.Release|x64.ActiveCfg = Release|x64
		{1E4CAAE6-D0D3-425E-8522-D34FA050D3FC}.Release|x64.Build.0 = Release|x64
		{1E4CAAE6-D0D3-425E-8522-D34FA050D3FC}.Release|x86.ActiveCfg = Release|Win32
		{1E4CAAE6-D0D3-425E-8522-D34FA050D3FC}.Release|x86.Build.0 = Release|Win32
		{494618CB-BC60-49E8-9970-2F582E3B3F88}.Debug|x64.ActiveCfg = Debug|x64
		{494618CB-BC60-49E8-9970-2F582E3B3F88}.Debug|x64.Build.0 = Debug|x64
		{494618CB-BC60-49E8-9970-2F582E3B3F88}.Debug|x86.ActiveCfg = Debug|Win32
		{494618CB-BC60-49E8-9970-2F582E3B3F88}.Debug|x86.Build.0 = Debug|Win32
		{494618CB-BC60-49E8-9970-2F582E3B3F88}.Release|x64.ActiveCfg = Release|x64
		{494618CB-BC60-49E8-9970-2F582E3B3F88}.Release|x64.Build.0 = Release|x64
		{494618CB-BC60-49E8-9970-2F582E3B3F88}.Release|x86.ActiveCfg = Release|Win32
		{494618CB-BC60-49E8-9970-2F582E3B3F88}.Release|x86.Build.0 = Release|Win32
		{5BA25196-AB4B-4C98-879E-3F5C33908042}.Debug|x64.ActiveCfg = Debug|x64
		{5BA25196-AB4B-4C98-879E-3F5C33908042}.Debug|x64.Build.0 = Debug|x64
		{5BA25196-AB4B-4C98-879E-3F5C33908042}.Debug|x86.ActiveCfg = Debug|Win32
		{5BA25196-AB4B-4C98-879E-3F5C33908042}.Debug|x86.Build.0 = Debug|Win32
		{5BA25196-AB4B-4C98-879E-3F5C33908042}.Release|x64.ActiveCfg = Release|x64
		{5BA25196-AB4B-4C98-879E-3F5C33908042}.Release|x64.Build.0 = Release|x64
		{5BA25196-AB4B-4C98-879E-3F5C33908042}.Release|x86.ActiveCfg = Release|Win32
		{5BA25196-AB4B-4C98-879E-3F5C33908042}.Release|x86.Build.0 = Release|Win32
		{1629CA4B-1CEF-4FC7-B2A7-5FF9C8F51E64}.Debug|x64.ActiveCfg = Debug|x64
		{1629CA4B-1CEF-4FC7-B2A7-5FF9C8F51E64}.Debug|x64.Build.0 = Debug|x64
		{1629CA4B-1CEF-4FC7-B2A7-5FF9C8F51E64}.Debug|x86.ActiveCfg = Debug|Win32
		{1629CA4B-1CEF-4FC7-B2A7-5FF9C8F51E64}.Debug|x86.Build.0 = Debug|Win32
		{1629CA4B-1CEF-4FC7-B2A7-5FF9C8F51E64}.Release|x64.ActiveCfg = Release|x64
		{1629CA4B-1CEF-4FC7-B2A7-5FF9C8F51E64}.Release|x64.Build.0 = Release|x64
		{1629CA4B-1CEF-4FC7-B2A7-5FF9C8F51E64}.Release|x86.ActiveCfg = Release|Win32
		{1629CA4B-1CEF-4FC7-B2A7-5FF9C8F51E64}.Release|x86.Build.0 = Release|Win32
		{1015C470-2432-4657-89BA-C78CBADCE7F8}.Debug|x64.ActiveCfg = Debug|x64
		{1015C470-2432-4657-89BA-C78CBADCE7F8}.Debug|x64.Build.0 = Debug|x64
		{1015C470-2432-4657-89BA-C78CBADCE7F8}.Debug|x86.ActiveCfg = Debug|Win32
		{1015C470-2432-4657-89BA-C78CBADCE7F8}.Debug|x86.Build.0 = Debug|Win32
		{1015C470-2432-4657-89BA-C78CBADCE7F8}.Release|x64.ActiveCfg = Release|x64
		{1015C470-2432-4657-89BA-C78CBADCE7F8}.Release|x64.Build.0 = Release|x64
		{1015C470-2432-4657-89BA-C78CBADCE7F8}.Release|x86.ActiveCfg = Release|Win32
		{1015C470-2432-4657-89BA-C78CBADCE7F8}.Release|x86.Build.0 = Release|Win32
		{A4D00ACD-BE6C-4B34-870C-F0EDB91DFB36}.Debug|x64.ActiveCfg = Debug|x64
		{A4D00ACD-BE6C-4B34-870C-F0EDB91DFB36}.Debug|x64.Build.0 = Debug|x64
		{A4D00ACD-BE6C-4B34-870C-F0EDB91DFB36}.Debug|x86.ActiveCfg = Debug|Win32
		{A4D00ACD-BE6C-4B34-870C-F0EDB91DFB36}.Debug|x86.Build.0 = Debug|Win32
		{A4D00ACD-BE6C-4B34-870C-F0EDB91DFB36}.Release|x64.ActiveCfg = Release|x64
		{A4D00ACD-BE6C-4B34-870C-F0EDB91DFB36}.Release|x64.Build.0 = Release|x64
		{A4D00ACD-BE6C-4B34-870C-F0EDB91DFB36}.Release|x86.ActiveCfg = Release|Win32
		{A4D00ACD-BE6C-4B34-870C-F0EDB91DFB36}.Release|x86.Build.0 = Release|Win32
	EndGlobalSection
	GlobalSection(SolutionProperties) = preSolution
		HideSolutionNode = FALSE
	EndGlobalSection
	GlobalSection(ExtensibilityGlobals) = postSolution
		SolutionGuid = {B589C1D6-85A5-42EC-964D-6A416ED7D13D}
	EndGlobalSection
EndGlobal
