
Microsoft Visual Studio Solution File, Format Version 12.00
# Visual Studio Version 17
VisualStudioVersion = 17.6.33723.286
MinimumVisualStudioVersion = 10.0.40219.1
Project("{8BC9CEB8-8B4A-11D0-8D11-00A0C91BC942}") = "HW_1_08.09.23", "HW_1\HW_1.vcxproj", "{49E30506-96DC-464F-857A-BD54547C4C2C}"
EndProject
Project("{8BC9CEB8-8B4A-11D0-8D11-00A0C91BC942}") = "HW_2_11.09.23", "HW_2\HW_2.vcxproj", "{C5432CFB-0FB4-4B77-803A-04D9C6904A83}"
EndProject
Project("{8BC9CEB8-8B4A-11D0-8D11-00A0C91BC942}") = "HW_2_11.09.23(2)", "HW_2_11.09.23(2)\HW_2_11.09.23(2).vcxproj", "{641F14F2-3A36-494D-A139-9A98E62A64D6}"
EndProject
Project("{8BC9CEB8-8B4A-11D0-8D11-00A0C91BC942}") = "HW_13.09.23", "HW_13.09.23\HW_13.09.23.vcxproj", "{BA2691A2-29A8-410C-837F-EB2C40CE57F0}"
EndProject
Project("{8BC9CEB8-8B4A-11D0-8D11-00A0C91BC942}") = "Function_1", "Function_1\Function_1.vcxproj", "{77C15D09-1DB5-4FEF-925E-85453175B5EE}"
EndProject
Project("{8BC9CEB8-8B4A-11D0-8D11-00A0C91BC942}") = "Function2(15.09.23)", "Function2\Function2.vcxproj", "{2A30062D-0040-4C1C-A2E4-CD07BA3C21C6}"
EndProject
Project("{8BC9CEB8-8B4A-11D0-8D11-00A0C91BC942}") = "Function2(15.09.23)_2", "Function2(15.09.23)_2\Function2(15.09.23)_2.vcxproj", "{21724F68-B6A9-4646-8453-9B81A8FFC00D}"
EndProject
Project("{8BC9CEB8-8B4A-11D0-8D11-00A0C91BC942}") = "Sort(HW_18.09.23)", "Sort(HW_18.09.23)\Sort(HW_18.09.23).vcxproj", "{A929B620-D9B0-4C77-9646-13CB02BF6484}"
EndProject
Project("{8BC9CEB8-8B4A-11D0-8D11-00A0C91BC942}") = "20.09.23_Recusrsion_HW", "20.09.23_Recusrsion_HW\20.09.23_Recusrsion_HW.vcxproj", "{257FE130-5FA7-49EB-A2BA-DD274A79B063}"
EndProject
Project("{8BC9CEB8-8B4A-11D0-8D11-00A0C91BC942}") = "PTR_22.09.23", "PTR_22.09.23\PTR_22.09.23.vcxproj", "{FEBB062C-4F95-4107-810B-FC42659D1E4B}"
EndProject
Global
	GlobalSection(SolutionConfigurationPlatforms) = preSolution
		Debug|x64 = Debug|x64
		Debug|x86 = Debug|x86
		Release|x64 = Release|x64
		Release|x86 = Release|x86
	EndGlobalSection
	GlobalSection(ProjectConfigurationPlatforms) = postSolution
		{49E30506-96DC-464F-857A-BD54547C4C2C}.Debug|x64.ActiveCfg = Debug|x64
		{49E30506-96DC-464F-857A-BD54547C4C2C}.Debug|x64.Build.0 = Debug|x64
		{49E30506-96DC-464F-857A-BD54547C4C2C}.Debug|x86.ActiveCfg = Debug|Win32
		{49E30506-96DC-464F-857A-BD54547C4C2C}.Debug|x86.Build.0 = Debug|Win32
		{49E30506-96DC-464F-857A-BD54547C4C2C}.Release|x64.ActiveCfg = Release|x64
		{49E30506-96DC-464F-857A-BD54547C4C2C}.Release|x64.Build.0 = Release|x64
		{49E30506-96DC-464F-857A-BD54547C4C2C}.Release|x86.ActiveCfg = Release|Win32
		{49E30506-96DC-464F-857A-BD54547C4C2C}.Release|x86.Build.0 = Release|Win32
		{C5432CFB-0FB4-4B77-803A-04D9C6904A83}.Debug|x64.ActiveCfg = Debug|x64
		{C5432CFB-0FB4-4B77-803A-04D9C6904A83}.Debug|x64.Build.0 = Debug|x64
		{C5432CFB-0FB4-4B77-803A-04D9C6904A83}.Debug|x86.ActiveCfg = Debug|Win32
		{C5432CFB-0FB4-4B77-803A-04D9C6904A83}.Debug|x86.Build.0 = Debug|Win32
		{C5432CFB-0FB4-4B77-803A-04D9C6904A83}.Release|x64.ActiveCfg = Release|x64
		{C5432CFB-0FB4-4B77-803A-04D9C6904A83}.Release|x64.Build.0 = Release|x64
		{C5432CFB-0FB4-4B77-803A-04D9C6904A83}.Release|x86.ActiveCfg = Release|Win32
		{C5432CFB-0FB4-4B77-803A-04D9C6904A83}.Release|x86.Build.0 = Release|Win32
		{641F14F2-3A36-494D-A139-9A98E62A64D6}.Debug|x64.ActiveCfg = Debug|x64
		{641F14F2-3A36-494D-A139-9A98E62A64D6}.Debug|x64.Build.0 = Debug|x64
		{641F14F2-3A36-494D-A139-9A98E62A64D6}.Debug|x86.ActiveCfg = Debug|Win32
		{641F14F2-3A36-494D-A139-9A98E62A64D6}.Debug|x86.Build.0 = Debug|Win32
		{641F14F2-3A36-494D-A139-9A98E62A64D6}.Release|x64.ActiveCfg = Release|x64
		{641F14F2-3A36-494D-A139-9A98E62A64D6}.Release|x64.Build.0 = Release|x64
		{641F14F2-3A36-494D-A139-9A98E62A64D6}.Release|x86.ActiveCfg = Release|Win32
		{641F14F2-3A36-494D-A139-9A98E62A64D6}.Release|x86.Build.0 = Release|Win32
		{BA2691A2-29A8-410C-837F-EB2C40CE57F0}.Debug|x64.ActiveCfg = Debug|x64
		{BA2691A2-29A8-410C-837F-EB2C40CE57F0}.Debug|x64.Build.0 = Debug|x64
		{BA2691A2-29A8-410C-837F-EB2C40CE57F0}.Debug|x86.ActiveCfg = Debug|Win32
		{BA2691A2-29A8-410C-837F-EB2C40CE57F0}.Debug|x86.Build.0 = Debug|Win32
		{BA2691A2-29A8-410C-837F-EB2C40CE57F0}.Release|x64.ActiveCfg = Release|x64
		{BA2691A2-29A8-410C-837F-EB2C40CE57F0}.Release|x64.Build.0 = Release|x64
		{BA2691A2-29A8-410C-837F-EB2C40CE57F0}.Release|x86.ActiveCfg = Release|Win32
		{BA2691A2-29A8-410C-837F-EB2C40CE57F0}.Release|x86.Build.0 = Release|Win32
		{77C15D09-1DB5-4FEF-925E-85453175B5EE}.Debug|x64.ActiveCfg = Debug|x64
		{77C15D09-1DB5-4FEF-925E-85453175B5EE}.Debug|x64.Build.0 = Debug|x64
		{77C15D09-1DB5-4FEF-925E-85453175B5EE}.Debug|x86.ActiveCfg = Debug|Win32
		{77C15D09-1DB5-4FEF-925E-85453175B5EE}.Debug|x86.Build.0 = Debug|Win32
		{77C15D09-1DB5-4FEF-925E-85453175B5EE}.Release|x64.ActiveCfg = Release|x64
		{77C15D09-1DB5-4FEF-925E-85453175B5EE}.Release|x64.Build.0 = Release|x64
		{77C15D09-1DB5-4FEF-925E-85453175B5EE}.Release|x86.ActiveCfg = Release|Win32
		{77C15D09-1DB5-4FEF-925E-85453175B5EE}.Release|x86.Build.0 = Release|Win32
		{2A30062D-0040-4C1C-A2E4-CD07BA3C21C6}.Debug|x64.ActiveCfg = Debug|x64
		{2A30062D-0040-4C1C-A2E4-CD07BA3C21C6}.Debug|x64.Build.0 = Debug|x64
		{2A30062D-0040-4C1C-A2E4-CD07BA3C21C6}.Debug|x86.ActiveCfg = Debug|Win32
		{2A30062D-0040-4C1C-A2E4-CD07BA3C21C6}.Debug|x86.Build.0 = Debug|Win32
		{2A30062D-0040-4C1C-A2E4-CD07BA3C21C6}.Release|x64.ActiveCfg = Release|x64
		{2A30062D-0040-4C1C-A2E4-CD07BA3C21C6}.Release|x64.Build.0 = Release|x64
		{2A30062D-0040-4C1C-A2E4-CD07BA3C21C6}.Release|x86.ActiveCfg = Release|Win32
		{2A30062D-0040-4C1C-A2E4-CD07BA3C21C6}.Release|x86.Build.0 = Release|Win32
		{21724F68-B6A9-4646-8453-9B81A8FFC00D}.Debug|x64.ActiveCfg = Debug|x64
		{21724F68-B6A9-4646-8453-9B81A8FFC00D}.Debug|x64.Build.0 = Debug|x64
		{21724F68-B6A9-4646-8453-9B81A8FFC00D}.Debug|x86.ActiveCfg = Debug|Win32
		{21724F68-B6A9-4646-8453-9B81A8FFC00D}.Debug|x86.Build.0 = Debug|Win32
		{21724F68-B6A9-4646-8453-9B81A8FFC00D}.Release|x64.ActiveCfg = Release|x64
		{21724F68-B6A9-4646-8453-9B81A8FFC00D}.Release|x64.Build.0 = Release|x64
		{21724F68-B6A9-4646-8453-9B81A8FFC00D}.Release|x86.ActiveCfg = Release|Win32
		{21724F68-B6A9-4646-8453-9B81A8FFC00D}.Release|x86.Build.0 = Release|Win32
		{A929B620-D9B0-4C77-9646-13CB02BF6484}.Debug|x64.ActiveCfg = Debug|x64
		{A929B620-D9B0-4C77-9646-13CB02BF6484}.Debug|x64.Build.0 = Debug|x64
		{A929B620-D9B0-4C77-9646-13CB02BF6484}.Debug|x86.ActiveCfg = Debug|Win32
		{A929B620-D9B0-4C77-9646-13CB02BF6484}.Debug|x86.Build.0 = Debug|Win32
		{A929B620-D9B0-4C77-9646-13CB02BF6484}.Release|x64.ActiveCfg = Release|x64
		{A929B620-D9B0-4C77-9646-13CB02BF6484}.Release|x64.Build.0 = Release|x64
		{A929B620-D9B0-4C77-9646-13CB02BF6484}.Release|x86.ActiveCfg = Release|Win32
		{A929B620-D9B0-4C77-9646-13CB02BF6484}.Release|x86.Build.0 = Release|Win32
		{257FE130-5FA7-49EB-A2BA-DD274A79B063}.Debug|x64.ActiveCfg = Debug|x64
		{257FE130-5FA7-49EB-A2BA-DD274A79B063}.Debug|x64.Build.0 = Debug|x64
		{257FE130-5FA7-49EB-A2BA-DD274A79B063}.Debug|x86.ActiveCfg = Debug|Win32
		{257FE130-5FA7-49EB-A2BA-DD274A79B063}.Debug|x86.Build.0 = Debug|Win32
		{257FE130-5FA7-49EB-A2BA-DD274A79B063}.Release|x64.ActiveCfg = Release|x64
		{257FE130-5FA7-49EB-A2BA-DD274A79B063}.Release|x64.Build.0 = Release|x64
		{257FE130-5FA7-49EB-A2BA-DD274A79B063}.Release|x86.ActiveCfg = Release|Win32
		{257FE130-5FA7-49EB-A2BA-DD274A79B063}.Release|x86.Build.0 = Release|Win32
		{FEBB062C-4F95-4107-810B-FC42659D1E4B}.Debug|x64.ActiveCfg = Debug|x64
		{FEBB062C-4F95-4107-810B-FC42659D1E4B}.Debug|x64.Build.0 = Debug|x64
		{FEBB062C-4F95-4107-810B-FC42659D1E4B}.Debug|x86.ActiveCfg = Debug|Win32
		{FEBB062C-4F95-4107-810B-FC42659D1E4B}.Debug|x86.Build.0 = Debug|Win32
		{FEBB062C-4F95-4107-810B-FC42659D1E4B}.Release|x64.ActiveCfg = Release|x64
		{FEBB062C-4F95-4107-810B-FC42659D1E4B}.Release|x64.Build.0 = Release|x64
		{FEBB062C-4F95-4107-810B-FC42659D1E4B}.Release|x86.ActiveCfg = Release|Win32
		{FEBB062C-4F95-4107-810B-FC42659D1E4B}.Release|x86.Build.0 = Release|Win32
	EndGlobalSection
	GlobalSection(SolutionProperties) = preSolution
		HideSolutionNode = FALSE
	EndGlobalSection
	GlobalSection(ExtensibilityGlobals) = postSolution
		SolutionGuid = {B589C1D6-85A5-42EC-964D-6A416ED7D13D}
	EndGlobalSection
EndGlobal
